
Microsoft Visual Studio Solution File, Format Version 12.00
# Visual Studio Version 16
VisualStudioVersion = 16.0.30717.126
MinimumVisualStudioVersion = 10.0.40219.1
Project("{F184B08F-C81C-45F6-A57F-5ABD9991F28F}") = "App1", "App1.vbproj", "{EAE3951C-9DA3-43E4-8C82-ADA15DCCAA35}"
EndProject
Global
	GlobalSection(SolutionConfigurationPlatforms) = preSolution
		Debug|ARM = Debug|ARM
		Debug|ARM64 = Debug|ARM64
		Debug|x64 = Debug|x64
		Debug|x86 = Debug|x86
		Release|ARM = Release|ARM
		Release|ARM64 = Release|ARM64
		Release|x64 = Release|x64
		Release|x86 = Release|x86
	EndGlobalSection
	GlobalSection(ProjectConfigurationPlatforms) = postSolution
		{EAE3951C-9DA3-43E4-8C82-ADA15DCCAA35}.Debug|ARM.ActiveCfg = Debug|ARM
		{EAE3951C-9DA3-43E4-8C82-ADA15DCCAA35}.Debug|ARM.Build.0 = Debug|ARM
		{EAE3951C-9DA3-43E4-8C82-ADA15DCCAA35}.Debug|ARM.Deploy.0 = Debug|ARM
		{EAE3951C-9DA3-43E4-8C82-ADA15DCCAA35}.Debug|ARM64.ActiveCfg = Debug|ARM64
		{EAE3951C-9DA3-43E4-8C82-ADA15DCCAA35}.Debug|ARM64.Build.0 = Debug|ARM64
		{EAE3951C-9DA3-43E4-8C82-ADA15DCCAA35}.Debug|ARM64.Deploy.0 = Debug|ARM64
		{EAE3951C-9DA3-43E4-8C82-ADA15DCCAA35}.Debug|x64.ActiveCfg = Debug|x64
		{EAE3951C-9DA3-43E4-8C82-ADA15DCCAA35}.Debug|x64.Build.0 = Debug|x64
		{EAE3951C-9DA3-43E4-8C82-ADA15DCCAA35}.Debug|x64.Deploy.0 = Debug|x64
		{EAE3951C-9DA3-43E4-8C82-ADA15DCCAA35}.Debug|x86.ActiveCfg = Debug|x86
		{EAE3951C-9DA3-43E4-8C82-ADA15DCCAA35}.Debug|x86.Build.0 = Debug|x86
		{EAE3951C-9DA3-43E4-8C82-ADA15DCCAA35}.Debug|x86.Deploy.0 = Debug|x86
		{EAE3951C-9DA3-43E4-8C82-ADA15DCCAA35}.Release|ARM.ActiveCfg = Release|ARM
		{EAE3951C-9DA3-43E4-8C82-ADA15DCCAA35}.Release|ARM.Build.0 = Release|ARM
		{EAE3951C-9DA3-43E4-8C82-ADA15DCCAA35}.Release|ARM.Deploy.0 = Release|ARM
		{EAE3951C-9DA3-43E4-8C82-ADA15DCCAA35}.Release|ARM64.ActiveCfg = Release|ARM64
		{EAE3951C-9DA3-43E4-8C82-ADA15DCCAA35}.Release|ARM64.Build.0 = Release|ARM64
		{EAE3951C-9DA3-43E4-8C82-ADA15DCCAA35}.Release|ARM64.Deploy.0 = Release|ARM64
		{EAE3951C-9DA3-43E4-8C82-ADA15DCCAA35}.Release|x64.ActiveCfg = Release|x64
		{EAE3951C-9DA3-43E4-8C82-ADA15DCCAA35}.Release|x64.Build.0 = Release|x64
		{EAE3951C-9DA3-43E4-8C82-ADA15DCCAA35}.Release|x64.Deploy.0 = Release|x64
		{EAE3951C-9DA3-43E4-8C82-ADA15DCCAA35}.Release|x86.ActiveCfg = Release|x86
		{EAE3951C-9DA3-43E4-8C82-ADA15DCCAA35}.Release|x86.Build.0 = Release|x86
		{EAE3951C-9DA3-43E4-8C82-ADA15DCCAA35}.Release|x86.Deploy.0 = Release|x86
	EndGlobalSection
	GlobalSection(SolutionProperties) = preSolution
		HideSolutionNode = FALSE
	EndGlobalSection
	GlobalSection(ExtensibilityGlobals) = postSolution
		SolutionGuid = {3493143C-B3D8-4121-B44F-B28F9E8A6540}
	EndGlobalSection
EndGlobal
